{
  "nodes": {
    "nixpkgs": {
      "locked": {
        "lastModified": 1782231800,
        "narHash": "sha256-AyPvq+cx3JFicSd687dhhIfUMryk9PUFmHnofBjalMg=",
        "owner": "NixOS",
        "repo": "nixpkgs",
        "rev": "6f5e2d2ea55618c5197ce40e346f205c35d2213e",
        "type": "github"
      },
      "original": {
        "owner": "NixOS",
        "ref": "nixos-unstable-small",
        "repo": "nixpkgs",
        "type": "github"
      }
    },
    "root": {
      "inputs": {
        "nixpkgs": "nixpkgs",
        "rust-overlay": "rust-overlay"
      }
    },
    "rust-overlay": {
      "inputs": {
        "nixpkgs": [
          "nixpkgs"
        ]
      },
      "locked": {
        "lastModified": 1779938491,
        "narHash": "sha256-khIekZCrhy3lQom4AZTmgBPV3DOFgAiopLUyUtbVGhY=",
        "owner": "oxalica",
        "repo": "rust-overlay",
        "rev": "02f536e36eaee387594ce2a02d90ff678d056e0f",
        "type": "github"
      },
      "original": {
        "owner": "oxalica",
        "repo": "rust-overlay",
        "type": "github"
      }
    }
  },
  "root": "root",
  "version": 7
}
